// !$*UTF8*$!
{
	archiveVersion = 1;
	classes = {
	};
	objectVersion = 77;
	objects = {

/* Begin PBXBuildFile section */
		110000000000000000000001 /* MarkLookApp.swift in Sources */ = {isa = PBXBuildFile; fileRef = A10000000000000000000001 /* MarkLookApp.swift */; };
		110000000000000000000002 /* ContentView.swift in Sources */ = {isa = PBXBuildFile; fileRef = A10000000000000000000002 /* ContentView.swift */; };
		110000000000000000000003 /* Sample.md in Resources */ = {isa = PBXBuildFile; fileRef = D10000000000000000000001 /* Sample.md */; };
		120000000000000000000001 /* PreviewProvider.swift in Sources */ = {isa = PBXBuildFile; fileRef = B10000000000000000000001 /* PreviewProvider.swift */; };
		120000000000000000000002 /* MarkdownRenderer.swift in Sources */ = {isa = PBXBuildFile; fileRef = C10000000000000000000001 /* MarkdownRenderer.swift */; };
		120000000000000000000003 /* Quartz.framework in Frameworks */ = {isa = PBXBuildFile; fileRef = F10000000000000000000001 /* Quartz.framework */; };
		130000000000000000000001 /* MarkLookPreview.appex in Embed App Extensions */ = {isa = PBXBuildFile; fileRef = E10000000000000000000002 /* MarkLookPreview.appex */; settings = {ATTRIBUTES = (RemoveHeadersOnCopy, ); }; };
/* End PBXBuildFile section */

/* Begin PBXContainerItemProxy section */
		800000000000000000000001 /* PBXContainerItemProxy */ = {
			isa = PBXContainerItemProxy;
			containerPortal = 500000000000000000000001 /* Project object */;
			proxyType = 1;
			remoteGlobalIDString = 400000000000000000000002;
			remoteInfo = MarkLookPreview;
		};
/* End PBXContainerItemProxy section */

/* Begin PBXCopyFilesBuildPhase section */
		210000000000000000000004 /* Embed App Extensions */ = {
			isa = PBXCopyFilesBuildPhase;
			buildActionMask = 2147483647;
			dstPath = "";
			dstSubfolderSpec = 13;
			files = (
				130000000000000000000001 /* MarkLookPreview.appex in Embed App Extensions */,
			);
			name = "Embed App Extensions";
			runOnlyForDeploymentPostprocessing = 0;
		};
/* End PBXCopyFilesBuildPhase section */

/* Begin PBXFileReference section */
		A10000000000000000000001 /* MarkLookApp.swift */ = {isa = PBXFileReference; lastKnownFileType = sourcecode.swift; path = MarkLookApp.swift; sourceTree = "<group>"; };
		A10000000000000000000002 /* ContentView.swift */ = {isa = PBXFileReference; lastKnownFileType = sourcecode.swift; path = ContentView.swift; sourceTree = "<group>"; };
		A10000000000000000000003 /* Info.plist */ = {isa = PBXFileReference; lastKnownFileType = text.plist.xml; path = Info.plist; sourceTree = "<group>"; };
		A10000000000000000000004 /* MarkLook.entitlements */ = {isa = PBXFileReference; lastKnownFileType = text.plist.entitlements; path = MarkLook.entitlements; sourceTree = "<group>"; };
		B10000000000000000000001 /* PreviewProvider.swift */ = {isa = PBXFileReference; lastKnownFileType = sourcecode.swift; path = PreviewProvider.swift; sourceTree = "<group>"; };
		B10000000000000000000002 /* Info.plist */ = {isa = PBXFileReference; lastKnownFileType = text.plist.xml; path = Info.plist; sourceTree = "<group>"; };
		B10000000000000000000003 /* MarkLookPreview.entitlements */ = {isa = PBXFileReference; lastKnownFileType = text.plist.entitlements; path = MarkLookPreview.entitlements; sourceTree = "<group>"; };
		C10000000000000000000001 /* MarkdownRenderer.swift */ = {isa = PBXFileReference; lastKnownFileType = sourcecode.swift; path = MarkdownRenderer.swift; sourceTree = "<group>"; };
		D10000000000000000000001 /* Sample.md */ = {isa = PBXFileReference; lastKnownFileType = net.daringfireball.markdown; path = Sample.md; sourceTree = "<group>"; };
		E10000000000000000000001 /* MarkLook.app */ = {isa = PBXFileReference; explicitFileType = wrapper.application; includeInIndex = 0; path = MarkLook.app; sourceTree = BUILT_PRODUCTS_DIR; };
		E10000000000000000000002 /* MarkLookPreview.appex */ = {isa = PBXFileReference; explicitFileType = "wrapper.app-extension"; includeInIndex = 0; path = MarkLookPreview.appex; sourceTree = BUILT_PRODUCTS_DIR; };
		F10000000000000000000001 /* Quartz.framework */ = {isa = PBXFileReference; lastKnownFileType = wrapper.framework; name = Quartz.framework; path = System/Library/Frameworks/Quartz.framework; sourceTree = SDKROOT; };
		F20000000000000000000001 /* README.md */ = {isa = PBXFileReference; lastKnownFileType = net.daringfireball.markdown; path = README.md; sourceTree = "<group>"; };
		F20000000000000000000002 /* Package.swift */ = {isa = PBXFileReference; lastKnownFileType = sourcecode.swift; path = Package.swift; sourceTree = "<group>"; };
		F20000000000000000000003 /* MarkdownRendererTests.swift */ = {isa = PBXFileReference; lastKnownFileType = sourcecode.swift; path = MarkdownRendererTests.swift; sourceTree = "<group>"; };
/* End PBXFileReference section */

/* Begin PBXFrameworksBuildPhase section */
		210000000000000000000002 /* Frameworks */ = {
			isa = PBXFrameworksBuildPhase;
			buildActionMask = 2147483647;
			files = (
			);
			runOnlyForDeploymentPostprocessing = 0;
		};
		220000000000000000000002 /* Frameworks */ = {
			isa = PBXFrameworksBuildPhase;
			buildActionMask = 2147483647;
			files = (
				120000000000000000000003 /* Quartz.framework in Frameworks */,
			);
			runOnlyForDeploymentPostprocessing = 0;
		};
/* End PBXFrameworksBuildPhase section */

/* Begin PBXGroup section */
		300000000000000000000001 = {
			isa = PBXGroup;
			children = (
				300000000000000000000002 /* App */,
				300000000000000000000003 /* PreviewExtension */,
				300000000000000000000004 /* Shared */,
				300000000000000000000005 /* Tests */,
				D10000000000000000000001 /* Sample.md */,
				F20000000000000000000001 /* README.md */,
				F20000000000000000000002 /* Package.swift */,
				300000000000000000000007 /* Frameworks */,
				300000000000000000000006 /* Products */,
			);
			sourceTree = "<group>";
		};
		300000000000000000000002 /* App */ = {
			isa = PBXGroup;
			children = (
				A10000000000000000000001 /* MarkLookApp.swift */,
				A10000000000000000000002 /* ContentView.swift */,
				A10000000000000000000003 /* Info.plist */,
				A10000000000000000000004 /* MarkLook.entitlements */,
			);
			path = App;
			sourceTree = "<group>";
		};
		300000000000000000000003 /* PreviewExtension */ = {
			isa = PBXGroup;
			children = (
				B10000000000000000000001 /* PreviewProvider.swift */,
				B10000000000000000000002 /* Info.plist */,
				B10000000000000000000003 /* MarkLookPreview.entitlements */,
			);
			path = PreviewExtension;
			sourceTree = "<group>";
		};
		300000000000000000000004 /* Shared */ = {
			isa = PBXGroup;
			children = (
				C10000000000000000000001 /* MarkdownRenderer.swift */,
			);
			path = Shared;
			sourceTree = "<group>";
		};
		300000000000000000000005 /* Tests */ = {
			isa = PBXGroup;
			children = (
				F20000000000000000000003 /* MarkdownRendererTests.swift */,
			);
			path = Tests;
			sourceTree = "<group>";
		};
		300000000000000000000006 /* Products */ = {
			isa = PBXGroup;
			children = (
				E10000000000000000000001 /* MarkLook.app */,
				E10000000000000000000002 /* MarkLookPreview.appex */,
			);
			name = Products;
			sourceTree = "<group>";
		};
		300000000000000000000007 /* Frameworks */ = {
			isa = PBXGroup;
			children = (
				F10000000000000000000001 /* Quartz.framework */,
			);
			name = Frameworks;
			sourceTree = "<group>";
		};
/* End PBXGroup section */

/* Begin PBXNativeTarget section */
		400000000000000000000001 /* MarkLook */ = {
			isa = PBXNativeTarget;
			buildConfigurationList = 600000000000000000000002 /* Build configuration list for PBXNativeTarget "MarkLook" */;
			buildPhases = (
				210000000000000000000001 /* Sources */,
				210000000000000000000002 /* Frameworks */,
				210000000000000000000003 /* Resources */,
				210000000000000000000004 /* Embed App Extensions */,
			);
			buildRules = (
			);
			dependencies = (
				800000000000000000000002 /* PBXTargetDependency */,
			);
			name = MarkLook;
			productName = MarkLook;
			productReference = E10000000000000000000001 /* MarkLook.app */;
			productType = "com.apple.product-type.application";
		};
		400000000000000000000002 /* MarkLookPreview */ = {
			isa = PBXNativeTarget;
			buildConfigurationList = 600000000000000000000003 /* Build configuration list for PBXNativeTarget "MarkLookPreview" */;
			buildPhases = (
				220000000000000000000001 /* Sources */,
				220000000000000000000002 /* Frameworks */,
				220000000000000000000003 /* Resources */,
			);
			buildRules = (
			);
			dependencies = (
			);
			name = MarkLookPreview;
			productName = MarkLookPreview;
			productReference = E10000000000000000000002 /* MarkLookPreview.appex */;
			productType = "com.apple.product-type.app-extension";
		};
/* End PBXNativeTarget section */

/* Begin PBXProject section */
		500000000000000000000001 /* Project object */ = {
			isa = PBXProject;
			attributes = {
				BuildIndependentTargetsInParallel = 1;
				LastSwiftUpdateCheck = 2660;
				LastUpgradeCheck = 2660;
				TargetAttributes = {
					400000000000000000000001 = {
						CreatedOnToolsVersion = 26.6;
					};
					400000000000000000000002 = {
						CreatedOnToolsVersion = 26.6;
					};
				};
			};
			buildConfigurationList = 600000000000000000000001 /* Build configuration list for PBXProject "MarkLook" */;
			compatibilityVersion = "Xcode 16.0";
			developmentRegion = en;
			hasScannedForEncodings = 0;
			knownRegions = (
				en,
				Base,
			);
			mainGroup = 300000000000000000000001;
			productRefGroup = 300000000000000000000006 /* Products */;
			projectDirPath = "";
			projectRoot = "";
			targets = (
				400000000000000000000001 /* MarkLook */,
				400000000000000000000002 /* MarkLookPreview */,
			);
		};
/* End PBXProject section */

/* Begin PBXResourcesBuildPhase section */
		210000000000000000000003 /* Resources */ = {
			isa = PBXResourcesBuildPhase;
			buildActionMask = 2147483647;
			files = (
				110000000000000000000003 /* Sample.md in Resources */,
			);
			runOnlyForDeploymentPostprocessing = 0;
		};
		220000000000000000000003 /* Resources */ = {
			isa = PBXResourcesBuildPhase;
			buildActionMask = 2147483647;
			files = (
			);
			runOnlyForDeploymentPostprocessing = 0;
		};
/* End PBXResourcesBuildPhase section */

/* Begin PBXSourcesBuildPhase section */
		210000000000000000000001 /* Sources */ = {
			isa = PBXSourcesBuildPhase;
			buildActionMask = 2147483647;
			files = (
				110000000000000000000001 /* MarkLookApp.swift in Sources */,
				110000000000000000000002 /* ContentView.swift in Sources */,
			);
			runOnlyForDeploymentPostprocessing = 0;
		};
		220000000000000000000001 /* Sources */ = {
			isa = PBXSourcesBuildPhase;
			buildActionMask = 2147483647;
			files = (
				120000000000000000000001 /* PreviewProvider.swift in Sources */,
				120000000000000000000002 /* MarkdownRenderer.swift in Sources */,
			);
			runOnlyForDeploymentPostprocessing = 0;
		};
/* End PBXSourcesBuildPhase section */

/* Begin PBXTargetDependency section */
		800000000000000000000002 /* PBXTargetDependency */ = {
			isa = PBXTargetDependency;
			target = 400000000000000000000002 /* MarkLookPreview */;
			targetProxy = 800000000000000000000001 /* PBXContainerItemProxy */;
		};
/* End PBXTargetDependency section */

/* Begin XCBuildConfiguration section */
		700000000000000000000001 /* Debug */ = {
			isa = XCBuildConfiguration;
			buildSettings = {
				ALWAYS_SEARCH_USER_PATHS = NO;
				CLANG_ANALYZER_NONNULL = YES;
				CLANG_ANALYZER_NUMBER_OBJECT_CONVERSION = YES_AGGRESSIVE;
				CLANG_CXX_LANGUAGE_STANDARD = "gnu++20";
				CLANG_ENABLE_MODULES = YES;
				CLANG_ENABLE_OBJC_ARC = YES;
				CLANG_WARN_BLOCK_CAPTURE_AUTORELEASING = YES;
				CLANG_WARN_BOOL_CONVERSION = YES;
				CLANG_WARN_COMMA = YES;
				CLANG_WARN_CONSTANT_CONVERSION = YES;
				CLANG_WARN_DEPRECATED_OBJC_IMPLEMENTATIONS = YES;
				CLANG_WARN_DIRECT_OBJC_ISA_USAGE = YES_ERROR;
				CLANG_WARN_DOCUMENTATION_COMMENTS = YES;
				CLANG_WARN_EMPTY_BODY = YES;
				CLANG_WARN_ENUM_CONVERSION = YES;
				CLANG_WARN_INFINITE_RECURSION = YES;
				CLANG_WARN_INT_CONVERSION = YES;
				CLANG_WARN_NON_LITERAL_NULL_CONVERSION = YES;
				CLANG_WARN_OBJC_IMPLICIT_RETAIN_SELF = YES;
				CLANG_WARN_OBJC_LITERAL_CONVERSION = YES;
				CLANG_WARN_QUOTED_INCLUDE_IN_FRAMEWORK_HEADER = YES;
				CLANG_WARN_RANGE_LOOP_ANALYSIS = YES;
				CLANG_WARN_STRICT_PROTOTYPES = YES;
				CLANG_WARN_SUSPICIOUS_MOVE = YES;
				CLANG_WARN_UNGUARDED_AVAILABILITY = YES_AGGRESSIVE;
				CLANG_WARN_UNREACHABLE_CODE = YES;
				CLANG_WARN__DUPLICATE_METHOD_MATCH = YES;
				COPY_PHASE_STRIP = NO;
				DEBUG_INFORMATION_FORMAT = dwarf;
				ENABLE_STRICT_OBJC_MSGSEND = YES;
				ENABLE_TESTABILITY = YES;
				ENABLE_USER_SCRIPT_SANDBOXING = YES;
				GCC_C_LANGUAGE_STANDARD = gnu17;
				GCC_DYNAMIC_NO_PIC = NO;
				GCC_NO_COMMON_BLOCKS = YES;
				GCC_OPTIMIZATION_LEVEL = 0;
				GCC_PREPROCESSOR_DEFINITIONS = (
					"DEBUG=1",
					"$(inherited)",
				);
				GCC_WARN_64_TO_32_BIT_CONVERSION = YES;
				GCC_WARN_ABOUT_RETURN_TYPE = YES_ERROR;
				GCC_WARN_UNDECLARED_SELECTOR = YES;
				GCC_WARN_UNINITIALIZED_AUTOS = YES_AGGRESSIVE;
				GCC_WARN_UNUSED_FUNCTION = YES;
				GCC_WARN_UNUSED_VARIABLE = YES;
				LOCALIZATION_PREFERS_STRING_CATALOGS = YES;
				MACOSX_DEPLOYMENT_TARGET = 13.0;
				MTL_ENABLE_DEBUG_INFO = INCLUDE_SOURCE;
				MTL_FAST_MATH = YES;
				ONLY_ACTIVE_ARCH = YES;
				SDKROOT = macosx;
				SWIFT_ACTIVE_COMPILATION_CONDITIONS = "DEBUG $(inherited)";
				SWIFT_OPTIMIZATION_LEVEL = "-Onone";
			};
			name = Debug;
		};
		700000000000000000000002 /* Release */ = {
			isa = XCBuildConfiguration;
			buildSettings = {
				ALWAYS_SEARCH_USER_PATHS = NO;
				CLANG_ANALYZER_NONNULL = YES;
				CLANG_ANALYZER_NUMBER_OBJECT_CONVERSION = YES_AGGRESSIVE;
				CLANG_CXX_LANGUAGE_STANDARD = "gnu++20";
				CLANG_ENABLE_MODULES = YES;
				CLANG_ENABLE_OBJC_ARC = YES;
				CLANG_WARN_BLOCK_CAPTURE_AUTORELEASING = YES;
				CLANG_WARN_BOOL_CONVERSION = YES;
				CLANG_WARN_COMMA = YES;
				CLANG_WARN_CONSTANT_CONVERSION = YES;
				CLANG_WARN_DEPRECATED_OBJC_IMPLEMENTATIONS = YES;
				CLANG_WARN_DIRECT_OBJC_ISA_USAGE = YES_ERROR;
				CLANG_WARN_DOCUMENTATION_COMMENTS = YES;
				CLANG_WARN_EMPTY_BODY = YES;
				CLANG_WARN_ENUM_CONVERSION = YES;
				CLANG_WARN_INFINITE_RECURSION = YES;
				CLANG_WARN_INT_CONVERSION = YES;
				CLANG_WARN_NON_LITERAL_NULL_CONVERSION = YES;
				CLANG_WARN_OBJC_IMPLICIT_RETAIN_SELF = YES;
				CLANG_WARN_OBJC_LITERAL_CONVERSION = YES;
				CLANG_WARN_QUOTED_INCLUDE_IN_FRAMEWORK_HEADER = YES;
				CLANG_WARN_RANGE_LOOP_ANALYSIS = YES;
				CLANG_WARN_STRICT_PROTOTYPES = YES;
				CLANG_WARN_SUSPICIOUS_MOVE = YES;
				CLANG_WARN_UNGUARDED_AVAILABILITY = YES_AGGRESSIVE;
				CLANG_WARN_UNREACHABLE_CODE = YES;
				CLANG_WARN__DUPLICATE_METHOD_MATCH = YES;
				COPY_PHASE_STRIP = NO;
				DEBUG_INFORMATION_FORMAT = "dwarf-with-dsym";
				ENABLE_NS_ASSERTIONS = NO;
				ENABLE_STRICT_OBJC_MSGSEND = YES;
				ENABLE_USER_SCRIPT_SANDBOXING = YES;
				GCC_C_LANGUAGE_STANDARD = gnu17;
				GCC_NO_COMMON_BLOCKS = YES;
				GCC_WARN_64_TO_32_BIT_CONVERSION = YES;
				GCC_WARN_ABOUT_RETURN_TYPE = YES_ERROR;
				GCC_WARN_UNDECLARED_SELECTOR = YES;
				GCC_WARN_UNINITIALIZED_AUTOS = YES_AGGRESSIVE;
				GCC_WARN_UNUSED_FUNCTION = YES;
				GCC_WARN_UNUSED_VARIABLE = YES;
				LOCALIZATION_PREFERS_STRING_CATALOGS = YES;
				MACOSX_DEPLOYMENT_TARGET = 13.0;
				MTL_ENABLE_DEBUG_INFO = NO;
				MTL_FAST_MATH = YES;
				SDKROOT = macosx;
				SWIFT_COMPILATION_MODE = wholemodule;
			};
			name = Release;
		};
		710000000000000000000001 /* Debug */ = {
			isa = XCBuildConfiguration;
			buildSettings = {
				CODE_SIGN_ENTITLEMENTS = App/MarkLook.entitlements;
				CODE_SIGN_STYLE = Automatic;
				COMBINE_HIDPI_IMAGES = YES;
				CURRENT_PROJECT_VERSION = 1;
				ENABLE_APP_SANDBOX = YES;
				ENABLE_HARDENED_RUNTIME = YES;
				GENERATE_INFOPLIST_FILE = NO;
				INFOPLIST_FILE = App/Info.plist;
				LD_RUNPATH_SEARCH_PATHS = (
					"$(inherited)",
					"@executable_path/../Frameworks",
				);
				MARKETING_VERSION = 1.0;
				PRODUCT_BUNDLE_IDENTIFIER = com.connor.MarkLook;
				PRODUCT_NAME = "$(TARGET_NAME)";
				SWIFT_EMIT_LOC_STRINGS = YES;
				SWIFT_VERSION = 6.0;
			};
			name = Debug;
		};
		710000000000000000000002 /* Release */ = {
			isa = XCBuildConfiguration;
			buildSettings = {
				CODE_SIGN_ENTITLEMENTS = App/MarkLook.entitlements;
				CODE_SIGN_STYLE = Automatic;
				COMBINE_HIDPI_IMAGES = YES;
				CURRENT_PROJECT_VERSION = 1;
				ENABLE_APP_SANDBOX = YES;
				ENABLE_HARDENED_RUNTIME = YES;
				GENERATE_INFOPLIST_FILE = NO;
				INFOPLIST_FILE = App/Info.plist;
				LD_RUNPATH_SEARCH_PATHS = (
					"$(inherited)",
					"@executable_path/../Frameworks",
				);
				MARKETING_VERSION = 1.0;
				PRODUCT_BUNDLE_IDENTIFIER = com.connor.MarkLook;
				PRODUCT_NAME = "$(TARGET_NAME)";
				SWIFT_EMIT_LOC_STRINGS = YES;
				SWIFT_VERSION = 6.0;
			};
			name = Release;
		};
		720000000000000000000001 /* Debug */ = {
			isa = XCBuildConfiguration;
			buildSettings = {
				APPLICATION_EXTENSION_API_ONLY = YES;
				CODE_SIGN_ENTITLEMENTS = PreviewExtension/MarkLookPreview.entitlements;
				CODE_SIGN_STYLE = Automatic;
				CURRENT_PROJECT_VERSION = 1;
				ENABLE_APP_SANDBOX = YES;
				ENABLE_HARDENED_RUNTIME = YES;
				GENERATE_INFOPLIST_FILE = NO;
				INFOPLIST_FILE = PreviewExtension/Info.plist;
				LD_RUNPATH_SEARCH_PATHS = (
					"$(inherited)",
					"@executable_path/../Frameworks",
					"@executable_path/../../../../Frameworks",
				);
				MARKETING_VERSION = 1.0;
				PRODUCT_BUNDLE_IDENTIFIER = com.connor.MarkLook.PreviewExtension;
				PRODUCT_MODULE_NAME = MarkLookPreview;
				PRODUCT_NAME = "$(TARGET_NAME)";
				SKIP_INSTALL = YES;
				SWIFT_EMIT_LOC_STRINGS = YES;
				SWIFT_VERSION = 6.0;
			};
			name = Debug;
		};
		720000000000000000000002 /* Release */ = {
			isa = XCBuildConfiguration;
			buildSettings = {
				APPLICATION_EXTENSION_API_ONLY = YES;
				CODE_SIGN_ENTITLEMENTS = PreviewExtension/MarkLookPreview.entitlements;
				CODE_SIGN_STYLE = Automatic;
				CURRENT_PROJECT_VERSION = 1;
				ENABLE_APP_SANDBOX = YES;
				ENABLE_HARDENED_RUNTIME = YES;
				GENERATE_INFOPLIST_FILE = NO;
				INFOPLIST_FILE = PreviewExtension/Info.plist;
				LD_RUNPATH_SEARCH_PATHS = (
					"$(inherited)",
					"@executable_path/../Frameworks",
					"@executable_path/../../../../Frameworks",
				);
				MARKETING_VERSION = 1.0;
				PRODUCT_BUNDLE_IDENTIFIER = com.connor.MarkLook.PreviewExtension;
				PRODUCT_MODULE_NAME = MarkLookPreview;
				PRODUCT_NAME = "$(TARGET_NAME)";
				SKIP_INSTALL = YES;
				SWIFT_EMIT_LOC_STRINGS = YES;
				SWIFT_VERSION = 6.0;
			};
			name = Release;
		};
/* End XCBuildConfiguration section */

/* Begin XCConfigurationList section */
		600000000000000000000001 /* Build configuration list for PBXProject "MarkLook" */ = {
			isa = XCConfigurationList;
			buildConfigurations = (
				700000000000000000000001 /* Debug */,
				700000000000000000000002 /* Release */,
			);
			defaultConfigurationIsVisible = 0;
			defaultConfigurationName = Release;
		};
		600000000000000000000002 /* Build configuration list for PBXNativeTarget "MarkLook" */ = {
			isa = XCConfigurationList;
			buildConfigurations = (
				710000000000000000000001 /* Debug */,
				710000000000000000000002 /* Release */,
			);
			defaultConfigurationIsVisible = 0;
			defaultConfigurationName = Release;
		};
		600000000000000000000003 /* Build configuration list for PBXNativeTarget "MarkLookPreview" */ = {
			isa = XCConfigurationList;
			buildConfigurations = (
				720000000000000000000001 /* Debug */,
				720000000000000000000002 /* Release */,
			);
			defaultConfigurationIsVisible = 0;
			defaultConfigurationName = Release;
		};
/* End XCConfigurationList section */
	};
	rootObject = 500000000000000000000001 /* Project object */;
}
